{
    "_meta": {
        "hash": {
            "sha256": "38435859cba4570d8fcc70f7e12fd1d41318aff56b224678508a6bd608fd181e"
        },
        "pipfile-spec": 6,
        "requires": {
            "python_version": "3.7"
        },
        "sources": [
            {
                "name": "pypi",
                "url": "https://pypi.org/simple",
                "verify_ssl": true
            }
        ]
    },
    "default": {
        "django": {
            "hashes": [
                "sha256:65e2387e6bde531d3bb803244a2b74e0253550a9612c64a60c8c5be267b30f50",
                "sha256:b51c9c548d5c3b3ccbb133d0bebc992e8ec3f14899bce8936e6fdda6b23a1881"
            ],
            "index": "pypi",
            "version": "==2.2.11"
        },
        "pytz": {
            "hashes": [
                "sha256:220f481bdafa09c3955dfbdddb7b57780e9a94f5127e35456a48589b9e0c0197",
                "sha256:cea221417204f2d1a2aa03ddae3e867921971d0d76f14d87abb4414415bbdcf5"
            ],
            "version": "==2022.2.1"
        },
        "sqlparse": {
            "hashes": [
                "sha256:0c00730c74263a94e5a9919ade150dfc3b19c574389985446148402998287dae",
                "sha256:48719e356bb8b42991bdbb1e8b83223757b93789c00910a616a071910ca4a64d"
            ],
            "markers": "python_version >= '3.5'",
            "version": "==0.4.2"
        }
    },
    "develop": {}
}
